
Microsoft Visual Studio Solution File, Format Version 12.00
# Visual Studio Version 17
VisualStudioVersion = 17.2.32630.192
MinimumVisualStudioVersion = 10.0.40219.1
Project("{9A19103F-16F7-4668-BE54-9A1E7A4F7556}") = "BlazorMsalWithApiSample.Server", "BlazorMsalWithApiSample.Blazor\Server\BlazorMsalWithApiSample.Server.csproj", "{6E826E3F-E9AA-46A4-B72E-4588EA6A3858}"
EndProject
Project("{9A19103F-16F7-4668-BE54-9A1E7A4F7556}") = "BlazorMsalWithApiSample.Client", "BlazorMsalWithApiSample.Blazor\Client\BlazorMsalWithApiSample.Client.csproj", "{AA70E885-D600-44B8-A906-F794E95D028F}"
EndProject
Project("{9A19103F-16F7-4668-BE54-9A1E7A4F7556}") = "BlazorMsalWithApiSample.Shared", "BlazorMsalWithApiSample.Shared\BlazorMsalWithApiSample.Shared.csproj", "{031EE597-79EB-4B41-954D-26F661A7C599}"
EndProject
Project("{9A19103F-16F7-4668-BE54-9A1E7A4F7556}") = "BlazorMsalWithApiSample.API", "BlazorMsalWithApiSample.API\BlazorMsalWithApiSample.API.csproj", "{1F635417-0F26-4305-9739-027B640CF1A1}"
EndProject
Global
	GlobalSection(SolutionConfigurationPlatforms) = preSolution
		Debug|Any CPU = Debug|Any CPU
		Release|Any CPU = Release|Any CPU
	EndGlobalSection
	GlobalSection(ProjectConfigurationPlatforms) = postSolution
		{6E826E3F-E9AA-46A4-B72E-4588EA6A3858}.Debug|Any CPU.ActiveCfg = Debug|Any CPU
		{6E826E3F-E9AA-46A4-B72E-4588EA6A3858}.Debug|Any CPU.Build.0 = Debug|Any CPU
		{6E826E3F-E9AA-46A4-B72E-4588EA6A3858}.Release|Any CPU.ActiveCfg = Release|Any CPU
		{6E826E3F-E9AA-46A4-B72E-4588EA6A3858}.Release|Any CPU.Build.0 = Release|Any CPU
		{AA70E885-D600-44B8-A906-F794E95D028F}.Debug|Any CPU.ActiveCfg = Debug|Any CPU
		{AA70E885-D600-44B8-A906-F794E95D028F}.Debug|Any CPU.Build.0 = Debug|Any CPU
		{AA70E885-D600-44B8-A906-F794E95D028F}.Release|Any CPU.ActiveCfg = Release|Any CPU
		{AA70E885-D600-44B8-A906-F794E95D028F}.Release|Any CPU.Build.0 = Release|Any CPU
		{031EE597-79EB-4B41-954D-26F661A7C599}.Debug|Any CPU.ActiveCfg = Debug|Any CPU
		{031EE597-79EB-4B41-954D-26F661A7C599}.Debug|Any CPU.Build.0 = Debug|Any CPU
		{031EE597-79EB-4B41-954D-26F661A7C599}.Release|Any CPU.ActiveCfg = Release|Any CPU
		{031EE597-79EB-4B41-954D-26F661A7C599}.Release|Any CPU.Build.0 = Release|Any CPU
		{1F635417-0F26-4305-9739-027B640CF1A1}.Debug|Any CPU.ActiveCfg = Debug|Any CPU
		{1F635417-0F26-4305-9739-027B640CF1A1}.Debug|Any CPU.Build.0 = Debug|Any CPU
		{1F635417-0F26-4305-9739-027B640CF1A1}.Release|Any CPU.ActiveCfg = Release|Any CPU
		{1F635417-0F26-4305-9739-027B640CF1A1}.Release|Any CPU.Build.0 = Release|Any CPU
	EndGlobalSection
	GlobalSection(SolutionProperties) = preSolution
		HideSolutionNode = FALSE
	EndGlobalSection
	GlobalSection(ExtensibilityGlobals) = postSolution
		SolutionGuid = {F3C5FC88-C5CB-437A-AAB8-F6BECDD0594A}
	EndGlobalSection
EndGlobal
